
Microsoft Visual Studio Solution File, Format Version 12.00
# Visual Studio Version 16
VisualStudioVersion = 16.0.29123.88
MinimumVisualStudioVersion = 10.0.40219.1
Project("{FAE04EC0-301F-11D3-BF4B-00C04F79EFBC}") = "Задача 1", "Задача 1\Задача 1.csproj", "{0E8B0366-74D6-4479-B504-E4B8A6907A02}"
EndProject
Global
	GlobalSection(SolutionConfigurationPlatforms) = preSolution
		Debug|Any CPU = Debug|Any CPU
		Release|Any CPU = Release|Any CPU
	EndGlobalSection
	GlobalSection(ProjectConfigurationPlatforms) = postSolution
		{0E8B0366-74D6-4479-B504-E4B8A6907A02}.Debug|Any CPU.ActiveCfg = Debug|Any CPU
		{0E8B0366-74D6-4479-B504-E4B8A6907A02}.Debug|Any CPU.Build.0 = Debug|Any CPU
		{0E8B0366-74D6-4479-B504-E4B8A6907A02}.Release|Any CPU.ActiveCfg = Release|Any CPU
		{0E8B0366-74D6-4479-B504-E4B8A6907A02}.Release|Any CPU.Build.0 = Release|Any CPU
	EndGlobalSection
	GlobalSection(SolutionProperties) = preSolution
		HideSolutionNode = FALSE
	EndGlobalSection
	GlobalSection(ExtensibilityGlobals) = postSolution
		SolutionGuid = {F644F922-2D90-41CD-8704-F4CC18E44318}
	EndGlobalSection
EndGlobal
